lockfileVersion: '9.0'

settings:
  autoInstallPeers: true
  excludeLinksFromLockfile: false

importers:

  .:
    dependencies:
      '@tanstack/react-query':
        specifier: ^5.85.0
        version: 5.85.0(react@19.1.1)

packages:

  '@tanstack/query-core@5.83.1':
    resolution: {integrity: sha512-OG69LQgT7jSp+5pPuCfzltq/+7l2xoweggjme9vlbCPa/d7D7zaqv5vN/S82SzSYZ4EDLTxNO1PWrv49RAS64Q==}

  '@tanstack/react-query@5.85.0':
    resolution: {integrity: sha512-t1HMfToVMGfwEJRya6GG7gbK0luZJd+9IySFNePL1BforU1F3LqQ3tBC2Rpvr88bOrlU6PXyMLgJD0Yzn4ztUw==}
    peerDependencies:
      react: ^18 || ^19

  react@19.1.1:
    resolution: {integrity: sha512-w8nqGImo45dmMIfljjMwOGtbmC/mk4CMYhWIicdSflH91J9TyCyczcPFXJzrZ/ZXcgGRFeP6BU0BEJTw6tZdfQ==}
    engines: {node: '>=0.10.0'}

snapshots:

  '@tanstack/query-core@5.83.1': {}

  '@tanstack/react-query@5.85.0(react@19.1.1)':
    dependencies:
      '@tanstack/query-core': 5.83.1
      react: 19.1.1

  react@19.1.1: {}
